
Microsoft Visual Studio Solution File, Format Version 12.00
# Visual Studio Version 17
VisualStudioVersion = 17.9.34728.123
MinimumVisualStudioVersion = 10.0.40219.1
Project("{FAE04EC0-301F-11D3-BF4B-00C04F79EFBC}") = "FinaLC.web", "FinaLC.web\FinaLC.web.csproj", "{A4F9836D-9F56-48B9-833A-810E207A8943}"
EndProject
Project("{FAE04EC0-301F-11D3-BF4B-00C04F79EFBC}") = "FinalCApp.DAL", "FinalCApp.DAL\FinalCApp.DAL.csproj", "{0166ECA6-D229-4D19-92BB-B62972749E65}"
EndProject
Global
	GlobalSection(SolutionConfigurationPlatforms) = preSolution
		Debug|Any CPU = Debug|Any CPU
		Release|Any CPU = Release|Any CPU
	EndGlobalSection
	GlobalSection(ProjectConfigurationPlatforms) = postSolution
		{A4F9836D-9F56-48B9-833A-810E207A8943}.Debug|Any CPU.ActiveCfg = Debug|Any CPU
		{A4F9836D-9F56-48B9-833A-810E207A8943}.Debug|Any CPU.Build.0 = Debug|Any CPU
		{A4F9836D-9F56-48B9-833A-810E207A8943}.Release|Any CPU.ActiveCfg = Release|Any CPU
		{A4F9836D-9F56-48B9-833A-810E207A8943}.Release|Any CPU.Build.0 = Release|Any CPU
		{0166ECA6-D229-4D19-92BB-B62972749E65}.Debug|Any CPU.ActiveCfg = Debug|Any CPU
		{0166ECA6-D229-4D19-92BB-B62972749E65}.Debug|Any CPU.Build.0 = Debug|Any CPU
		{0166ECA6-D229-4D19-92BB-B62972749E65}.Release|Any CPU.ActiveCfg = Release|Any CPU
		{0166ECA6-D229-4D19-92BB-B62972749E65}.Release|Any CPU.Build.0 = Release|Any CPU
	EndGlobalSection
	GlobalSection(SolutionProperties) = preSolution
		HideSolutionNode = FALSE
	EndGlobalSection
	GlobalSection(ExtensibilityGlobals) = postSolution
		SolutionGuid = {1EBC1349-906C-4921-8624-4BEAD35F2A64}
	EndGlobalSection
EndGlobal
